
Microsoft Visual Studio Solution File, Format Version 12.00
# Visual Studio Version 16
VisualStudioVersion = 16.0.31613.86
MinimumVisualStudioVersion = 10.0.40219.1
Project("{9A19103F-16F7-4668-BE54-9A1E7A4F7556}") = "Room", "Room\Room.csproj", "{71AF6CAA-81F1-439C-8207-04C680EFC4E0}"
EndProject
Project("{9A19103F-16F7-4668-BE54-9A1E7A4F7556}") = "Room.Core", "Room.Core\Room.Core.csproj", "{974407DF-B8DF-4C6D-964C-00E00B5DF885}"
EndProject
Project("{2150E333-8FDC-42A3-9474-1A3956D46DE8}") = "Libs", "Libs", "{9A10722E-1D84-42D4-BA0C-48A3CB80EE58}"
EndProject
Project("{9A19103F-16F7-4668-BE54-9A1E7A4F7556}") = "Kalavarda.Primitives", "..\Primitives\Kalavarda.Primitives\Kalavarda.Primitives.csproj", "{4F93E90A-CB4F-43A2-B30E-01ED4E26C47D}"
EndProject
Project("{9A19103F-16F7-4668-BE54-9A1E7A4F7556}") = "Kalavarda.Primitives.WPF", "..\Primitives\Kalavarda.Primitives.WPF\Kalavarda.Primitives.WPF.csproj", "{EDC907DC-1F1C-4FBC-8734-B018483228A3}"
EndProject
Global
	GlobalSection(SolutionConfigurationPlatforms) = preSolution
		Debug|Any CPU = Debug|Any CPU
		Release|Any CPU = Release|Any CPU
	EndGlobalSection
	GlobalSection(ProjectConfigurationPlatforms) = postSolution
		{71AF6CAA-81F1-439C-8207-04C680EFC4E0}.Debug|Any CPU.ActiveCfg = Debug|Any CPU
		{71AF6CAA-81F1-439C-8207-04C680EFC4E0}.Debug|Any CPU.Build.0 = Debug|Any CPU
		{71AF6CAA-81F1-439C-8207-04C680EFC4E0}.Release|Any CPU.ActiveCfg = Release|Any CPU
		{71AF6CAA-81F1-439C-8207-04C680EFC4E0}.Release|Any CPU.Build.0 = Release|Any CPU
		{974407DF-B8DF-4C6D-964C-00E00B5DF885}.Debug|Any CPU.ActiveCfg = Debug|Any CPU
		{974407DF-B8DF-4C6D-964C-00E00B5DF885}.Debug|Any CPU.Build.0 = Debug|Any CPU
		{974407DF-B8DF-4C6D-964C-00E00B5DF885}.Release|Any CPU.ActiveCfg = Release|Any CPU
		{974407DF-B8DF-4C6D-964C-00E00B5DF885}.Release|Any CPU.Build.0 = Release|Any CPU
		{4F93E90A-CB4F-43A2-B30E-01ED4E26C47D}.Debug|Any CPU.ActiveCfg = Debug|Any CPU
		{4F93E90A-CB4F-43A2-B30E-01ED4E26C47D}.Debug|Any CPU.Build.0 = Debug|Any CPU
		{4F93E90A-CB4F-43A2-B30E-01ED4E26C47D}.Release|Any CPU.ActiveCfg = Release|Any CPU
		{4F93E90A-CB4F-43A2-B30E-01ED4E26C47D}.Release|Any CPU.Build.0 = Release|Any CPU
		{EDC907DC-1F1C-4FBC-8734-B018483228A3}.Debug|Any CPU.ActiveCfg = Debug|Any CPU
		{EDC907DC-1F1C-4FBC-8734-B018483228A3}.Debug|Any CPU.Build.0 = Debug|Any CPU
		{EDC907DC-1F1C-4FBC-8734-B018483228A3}.Release|Any CPU.ActiveCfg = Release|Any CPU
		{EDC907DC-1F1C-4FBC-8734-B018483228A3}.Release|Any CPU.Build.0 = Release|Any CPU
	EndGlobalSection
	GlobalSection(SolutionProperties) = preSolution
		HideSolutionNode = FALSE
	EndGlobalSection
	GlobalSection(NestedProjects) = preSolution
		{4F93E90A-CB4F-43A2-B30E-01ED4E26C47D} = {9A10722E-1D84-42D4-BA0C-48A3CB80EE58}
		{EDC907DC-1F1C-4FBC-8734-B018483228A3} = {9A10722E-1D84-42D4-BA0C-48A3CB80EE58}
	EndGlobalSection
	GlobalSection(ExtensibilityGlobals) = postSolution
		SolutionGuid = {D55E9F37-6AC6-468B-8DE5-B519B733C848}
	EndGlobalSection
EndGlobal
